
Microsoft Visual Studio Solution File, Format Version 12.00
# Visual Studio 15
VisualStudioVersion = 15.0.28307.421
MinimumVisualStudioVersion = 10.0.40219.1
Project("{FAE04EC0-301F-11D3-BF4B-00C04F79EFBC}") = "FactoryPattern", "AbstractFactory\FactoryPattern.csproj", "{41A4899F-C14A-4619-BD92-680A6F3777D4}"
EndProject
Project("{FAE04EC0-301F-11D3-BF4B-00C04F79EFBC}") = "PrototypePattern", "PrototypePattern\PrototypePattern.csproj", "{9834208F-FDE7-43A2-A3DE-68A313E48200}"
EndProject
Project("{FAE04EC0-301F-11D3-BF4B-00C04F79EFBC}") = "BuiderPattern", "BuiderPattern\BuiderPattern.csproj", "{232D99F5-588A-4E3A-8B87-1117FF06D3A6}"
EndProject
Project("{FAE04EC0-301F-11D3-BF4B-00C04F79EFBC}") = "SingletonPattern", "SingletonPattern\SingletonPattern.csproj", "{1F7E1D84-EB92-4D80-9CB0-9347C49F303D}"
EndProject
Project("{2150E333-8FDC-42A3-9474-1A3956D46DE8}") = "CreationalPattern", "CreationalPattern", "{87BF3DD1-7BEF-4909-9A95-FD3B7C6BC58A}"
	ProjectSection(SolutionItems) = preProject
		ReadMe\ReadMe.txt = ReadMe\ReadMe.txt
	EndProjectSection
EndProject
Project("{2150E333-8FDC-42A3-9474-1A3956D46DE8}") = "_Description", "_Description", "{A4DADF0C-B961-4459-9A98-F613275EE5DC}"
	ProjectSection(SolutionItems) = preProject
		ReadMe.txt = ReadMe.txt
	EndProjectSection
EndProject
Project("{9A19103F-16F7-4668-BE54-9A1E7A4F7556}") = "AdapterPattern", "AdapterPattern\AdapterPattern.csproj", "{23A4CBBE-F793-44BC-97EE-CC27C27BF8E5}"
EndProject
Project("{FAE04EC0-301F-11D3-BF4B-00C04F79EFBC}") = "BridgePattern", "BridgePattern\BridgePattern.csproj", "{014E1DA5-FBC9-4D76-9F58-39A1838D5F6D}"
EndProject
Global
	GlobalSection(SolutionConfigurationPlatforms) = preSolution
		Debug|Any CPU = Debug|Any CPU
		Release|Any CPU = Release|Any CPU
	EndGlobalSection
	GlobalSection(ProjectConfigurationPlatforms) = postSolution
		{41A4899F-C14A-4619-BD92-680A6F3777D4}.Debug|Any CPU.ActiveCfg = Debug|Any CPU
		{41A4899F-C14A-4619-BD92-680A6F3777D4}.Debug|Any CPU.Build.0 = Debug|Any CPU
		{41A4899F-C14A-4619-BD92-680A6F3777D4}.Release|Any CPU.ActiveCfg = Release|Any CPU
		{41A4899F-C14A-4619-BD92-680A6F3777D4}.Release|Any CPU.Build.0 = Release|Any CPU
		{9834208F-FDE7-43A2-A3DE-68A313E48200}.Debug|Any CPU.ActiveCfg = Debug|Any CPU
		{9834208F-FDE7-43A2-A3DE-68A313E48200}.Debug|Any CPU.Build.0 = Debug|Any CPU
		{9834208F-FDE7-43A2-A3DE-68A313E48200}.Release|Any CPU.ActiveCfg = Release|Any CPU
		{9834208F-FDE7-43A2-A3DE-68A313E48200}.Release|Any CPU.Build.0 = Release|Any CPU
		{232D99F5-588A-4E3A-8B87-1117FF06D3A6}.Debug|Any CPU.ActiveCfg = Debug|Any CPU
		{232D99F5-588A-4E3A-8B87-1117FF06D3A6}.Debug|Any CPU.Build.0 = Debug|Any CPU
		{232D99F5-588A-4E3A-8B87-1117FF06D3A6}.Release|Any CPU.ActiveCfg = Release|Any CPU
		{232D99F5-588A-4E3A-8B87-1117FF06D3A6}.Release|Any CPU.Build.0 = Release|Any CPU
		{1F7E1D84-EB92-4D80-9CB0-9347C49F303D}.Debug|Any CPU.ActiveCfg = Debug|Any CPU
		{1F7E1D84-EB92-4D80-9CB0-9347C49F303D}.Debug|Any CPU.Build.0 = Debug|Any CPU
		{1F7E1D84-EB92-4D80-9CB0-9347C49F303D}.Release|Any CPU.ActiveCfg = Release|Any CPU
		{1F7E1D84-EB92-4D80-9CB0-9347C49F303D}.Release|Any CPU.Build.0 = Release|Any CPU
		{23A4CBBE-F793-44BC-97EE-CC27C27BF8E5}.Debug|Any CPU.ActiveCfg = Debug|Any CPU
		{23A4CBBE-F793-44BC-97EE-CC27C27BF8E5}.Debug|Any CPU.Build.0 = Debug|Any CPU
		{23A4CBBE-F793-44BC-97EE-CC27C27BF8E5}.Release|Any CPU.ActiveCfg = Release|Any CPU
		{23A4CBBE-F793-44BC-97EE-CC27C27BF8E5}.Release|Any CPU.Build.0 = Release|Any CPU
		{014E1DA5-FBC9-4D76-9F58-39A1838D5F6D}.Debug|Any CPU.ActiveCfg = Debug|Any CPU
		{014E1DA5-FBC9-4D76-9F58-39A1838D5F6D}.Debug|Any CPU.Build.0 = Debug|Any CPU
		{014E1DA5-FBC9-4D76-9F58-39A1838D5F6D}.Release|Any CPU.ActiveCfg = Release|Any CPU
		{014E1DA5-FBC9-4D76-9F58-39A1838D5F6D}.Release|Any CPU.Build.0 = Release|Any CPU
	EndGlobalSection
	GlobalSection(SolutionProperties) = preSolution
		HideSolutionNode = FALSE
	EndGlobalSection
	GlobalSection(NestedProjects) = preSolution
		{41A4899F-C14A-4619-BD92-680A6F3777D4} = {87BF3DD1-7BEF-4909-9A95-FD3B7C6BC58A}
		{9834208F-FDE7-43A2-A3DE-68A313E48200} = {87BF3DD1-7BEF-4909-9A95-FD3B7C6BC58A}
		{232D99F5-588A-4E3A-8B87-1117FF06D3A6} = {87BF3DD1-7BEF-4909-9A95-FD3B7C6BC58A}
		{1F7E1D84-EB92-4D80-9CB0-9347C49F303D} = {87BF3DD1-7BEF-4909-9A95-FD3B7C6BC58A}
	EndGlobalSection
	GlobalSection(ExtensibilityGlobals) = postSolution
		SolutionGuid = {4690A05D-DD15-410F-B083-9C6A8065F69E}
	EndGlobalSection
EndGlobal
